<?xml version="1.0" encoding="utf-8"?>
<Project ToolsVersion="4.0" xmlns="http://schemas.microsoft.com/developer/msbuild/2003">
  <ItemGroup>
    <Filter Include="Header Files">
      <UniqueIdentifier>{93995380-89BD-4b04-88EB-625FBE52EBFB}</UniqueIdentifier>
      <Extensions>h;hh;hpp;hxx;h++;hm;inl;inc;ipp;xsd</Extensions>
    </Filter>
    <Filter Include="src">
      <UniqueIdentifier>{3fb1b469-dd55-417f-be31-b7045c272ceb}</UniqueIdentifier>
    </Filter>
    <Filter Include="src\Main">
      <UniqueIdentifier>{d5b8df40-7f0e-4678-a9b4-9e00d61ec881}</UniqueIdentifier>
    </Filter>
    <Filter Include="src\ListBook">
      <UniqueIdentifier>{376ee22f-bfef-4690-ac68-53867cb844ea}</UniqueIdentifier>
    </Filter>
    <Filter Include="src\Journal">
      <UniqueIdentifier>{122d2b67-ffc0-4961-9487-a74a20b00a16}</UniqueIdentifier>
    </Filter>
  </ItemGroup>
  <ItemGroup>
    <ClCompile Include="src\Main.cc">
      <Filter>src\Main</Filter>
    </ClCompile>
    <ClCompile Include="src\Window.cc">
      <Filter>src\Main</Filter>
    </ClCompile>
    <ClCompile Include="src\ListBook.cc">
      <Filter>src\ListBook</Filter>
    </ClCompile>
    <ClCompile Include="src\Journal.cc">
      <Filter>src\Journal</Filter>
    </ClCompile>
    <ClCompile Include="src\AboutDialog\AboutDialog.cc" />
    <ClCompile Include="src\Calendar.cc" />
    <ClCompile Include="src\DynamicPlan.cc" />
    <ClCompile Include="src\EntryDialog.cc" />
    <ClCompile Include="src\EntryList.cc" />
    <ClCompile Include="src\ExerciseBook.cc" />
    <ClCompile Include="src\ExercisePanel.cc" />
    <ClCompile Include="src\NutritionPanel.cc" />
    <ClCompile Include="src\RoutineDialog.cc" />
    <ClCompile Include="src\SaveWorkoutDialog.cc" />
    <ClCompile Include="src\Settings.cc" />
    <ClCompile Include="src\TaskbarIcon.cc" />
    <ClCompile Include="src\WPLists.cc" />
    <ClCompile Include="src\WPNotebook.cc" />
    <ClCompile Include="src\RoutineView.cc" />
    <ClCompile Include="src\NutritionBook.cc" />
    <ClCompile Include="src\CaloriePanel.cc" />
    <ClCompile Include="src\AddItemDlg\AddItemDlg.cc" />
    <ClCompile Include="src\PrefsDlg.cc" />
    <ClCompile Include="src\WorkoutWindow.cc" />
    <ClCompile Include="src\MealPlan.cc" />
    <ClCompile Include="src\MealPlanWindow.cc" />
    <ClCompile Include="src\MealList\MealList.cc" />
  </ItemGroup>
  <ItemGroup>
    <ClInclude Include="src\Window.h">
      <Filter>src\Main</Filter>
    </ClInclude>
    <ClInclude Include="src\ListBook.h">
      <Filter>src\ListBook</Filter>
    </ClInclude>
    <ClInclude Include="src\Journal.h">
      <Filter>src\Journal</Filter>
    </ClInclude>
    <ClInclude Include="src\AboutDialog\AboutDialog.h">
      <Filter>Header Files</Filter>
    </ClInclude>
    <ClInclude Include="src\xpm\xpm_include.h">
      <Filter>Header Files</Filter>
    </ClInclude>
    <ClInclude Include="src\Calendar.h">
      <Filter>Header Files</Filter>
    </ClInclude>
    <ClInclude Include="src\DynamicPlan.h">
      <Filter>Header Files</Filter>
    </ClInclude>
    <ClInclude Include="src\EntryDialog.h">
      <Filter>Header Files</Filter>
    </ClInclude>
    <ClInclude Include="src\EntryList.h">
      <Filter>Header Files</Filter>
    </ClInclude>
    <ClInclude Include="src\EntryPair.h">
      <Filter>Header Files</Filter>
    </ClInclude>
    <ClInclude Include="src\ExerciseBook.h">
      <Filter>Header Files</Filter>
    </ClInclude>
    <ClInclude Include="src\ExercisePanel.h">
      <Filter>Header Files</Filter>
    </ClInclude>
    <ClInclude Include="src\NutritionPanel.h">
      <Filter>Header Files</Filter>
    </ClInclude>
    <ClInclude Include="src\RoutineDialog.h">
      <Filter>Header Files</Filter>
    </ClInclude>
    <ClInclude Include="src\SaveWorkoutDialog.h">
      <Filter>Header Files</Filter>
    </ClInclude>
    <ClInclude Include="src\Settings.h">
      <Filter>Header Files</Filter>
    </ClInclude>
    <ClInclude Include="src\StandardPath.hpp">
      <Filter>Header Files</Filter>
    </ClInclude>
    <ClInclude Include="src\TaskbarIcon.h">
      <Filter>Header Files</Filter>
    </ClInclude>
    <ClInclude Include="src\WPLists.h">
      <Filter>Header Files</Filter>
    </ClInclude>
    <ClInclude Include="src\WPNotebook.h">
      <Filter>Header Files</Filter>
    </ClInclude>
    <ClInclude Include="src\RoutineView.h">
      <Filter>Header Files</Filter>
    </ClInclude>
    <ClInclude Include="src\NutritionBook.h">
      <Filter>Header Files</Filter>
    </ClInclude>
    <ClInclude Include="src\CaloriePanel.h">
      <Filter>Header Files</Filter>
    </ClInclude>
    <ClInclude Include="src\AddItemDlg\AddItemDlg.h">
      <Filter>Header Files</Filter>
    </ClInclude>
    <ClInclude Include="src\Font\Font.hpp">
      <Filter>Header Files</Filter>
    </ClInclude>
    <ClInclude Include="src\PrefsDlg.h">
      <Filter>Header Files</Filter>
    </ClInclude>
    <ClInclude Include="src\RoutineStruct\Routine.h">
      <Filter>Header Files</Filter>
    </ClInclude>
    <ClInclude Include="src\WorkoutWindow.h">
      <Filter>Header Files</Filter>
    </ClInclude>
    <ClInclude Include="src\MealPlan.h">
      <Filter>Header Files</Filter>
    </ClInclude>
    <ClInclude Include="src\MealPlanWindow.h">
      <Filter>Header Files</Filter>
    </ClInclude>
    <ClInclude Include="src\MealList\MealList.h">
      <Filter>Header Files</Filter>
    </ClInclude>
    <ClInclude Include="src\aui_includes\aui_includes.h">
      <Filter>Header Files</Filter>
    </ClInclude>
    <ClInclude Include="src\MealPlanInfo\MealPlanInfo.hpp">
      <Filter>Header Files</Filter>
    </ClInclude>
  </ItemGroup>
  <ItemGroup>
    <None Include="src\xpm\copy.xpm" />
    <None Include="src\xpm\cut.xpm" />
    <None Include="src\xpm\heart.xpm" />
    <None Include="src\xpm\open.xpm" />
    <None Include="src\xpm\paste.xpm" />
    <None Include="src\xpm\redo.xpm" />
    <None Include="src\xpm\save.xpm" />
    <None Include="src\xpm\saveas.xpm" />
    <None Include="src\xpm\undo.xpm" />
    <None Include="src\xpm\zoomin.xpm" />
    <None Include="src\xpm\zoomout.xpm" />
  </ItemGroup>
</Project>
